
Microsoft Visual Studio Solution File, Format Version 12.00
# Visual Studio Version 17
VisualStudioVersion = 17.3.32901.215
MinimumVisualStudioVersion = 10.0.40219.1
Project("{9A19103F-16F7-4668-BE54-9A1E7A4F7556}") = "01_console_IO", "01_console_IO\01_console_IO.csproj", "{BE9F7DD3-AA55-44D4-92CA-149F2365FFAF}"
EndProject
Project("{9A19103F-16F7-4668-BE54-9A1E7A4F7556}") = "02_data_types", "02_data_types\02_data_types.csproj", "{3E04E7D7-B9DB-40A5-8946-63C9409A7D38}"
EndProject
Project("{9A19103F-16F7-4668-BE54-9A1E7A4F7556}") = "03_operators", "03_operators\03_operators.csproj", "{8D8B3E2D-342B-4159-A673-668B5A341140}"
EndProject
Project("{9A19103F-16F7-4668-BE54-9A1E7A4F7556}") = "04_enum", "04_enum\04_enum.csproj", "{3F8A64FE-6EFF-4568-898C-13A55CE347FF}"
EndProject
Project("{9A19103F-16F7-4668-BE54-9A1E7A4F7556}") = "05_structure", "05_structure\05_structure.csproj", "{CDBBBB0E-F09F-430B-8844-D16418151213}"
EndProject
Project("{9A19103F-16F7-4668-BE54-9A1E7A4F7556}") = "06_selections", "06_selections\06_selections.csproj", "{6608C29E-07F2-4A41-88DE-FEA384B8A16F}"
EndProject
Project("{9A19103F-16F7-4668-BE54-9A1E7A4F7556}") = "07_loops", "07_loops\07_loops.csproj", "{C6166F53-AF6F-40DC-867A-2D1764D313B7}"
EndProject
Project("{9A19103F-16F7-4668-BE54-9A1E7A4F7556}") = "08_arrays", "08_arrays\08_arrays.csproj", "{CCCF8F4D-44B0-493C-BA9B-0A60ED42DF21}"
EndProject
Project("{9A19103F-16F7-4668-BE54-9A1E7A4F7556}") = "09_multi_dimentions", "09_multi_dimentions\09_multi_dimentions.csproj", "{A2912748-32B4-42A7-A1D0-CECB5E464833}"
EndProject
Project("{9A19103F-16F7-4668-BE54-9A1E7A4F7556}") = "10_classes", "10_classes\10_classes.csproj", "{7A6BA539-3365-48C4-8524-3195D21436ED}"
EndProject
Project("{9A19103F-16F7-4668-BE54-9A1E7A4F7556}") = "11_interfaces", "11_interfaces\11_interfaces.csproj", "{BBB77375-351B-47A9-8857-AC4302DDDA94}"
EndProject
Project("{9A19103F-16F7-4668-BE54-9A1E7A4F7556}") = "12_system_interfaces", "12_system_interfaces\12_system_interfaces.csproj", "{C7AF1390-EC45-47B9-B84D-3F95FF70D70C}"
EndProject
Project("{9A19103F-16F7-4668-BE54-9A1E7A4F7556}") = "13_interfaces_example", "13_interfaces_example\13_interfaces_example.csproj", "{D5FE0A91-C9D3-4725-AC0E-E05414092DBD}"
EndProject
Project("{2150E333-8FDC-42A3-9474-1A3956D46DE8}") = "11_interface_topic", "11_interface_topic", "{E580E9EE-8F11-4EC6-992A-9867D0F8372B}"
EndProject
Project("{9A19103F-16F7-4668-BE54-9A1E7A4F7556}") = "14_exceptions", "14_exceptions\14_exceptions.csproj", "{1F859A70-DB85-4FFE-A45E-5CEC8E9F3208}"
EndProject
Project("{9A19103F-16F7-4668-BE54-9A1E7A4F7556}") = "15_file_system", "15_file_system\15_file_system.csproj", "{98E64225-1B4C-4465-BAC6-1F92C8EB3BE0}"
EndProject
Project("{FAE04EC0-301F-11D3-BF4B-00C04F79EFBC}") = "16_inheritance", "16_inheritance\16_inheritance.csproj", "{09E623BB-5A84-440F-879E-8F5EE0BD265A}"
EndProject
Global
	GlobalSection(SolutionConfigurationPlatforms) = preSolution
		Debug|Any CPU = Debug|Any CPU
		Release|Any CPU = Release|Any CPU
	EndGlobalSection
	GlobalSection(ProjectConfigurationPlatforms) = postSolution
		{BE9F7DD3-AA55-44D4-92CA-149F2365FFAF}.Debug|Any CPU.ActiveCfg = Debug|Any CPU
		{BE9F7DD3-AA55-44D4-92CA-149F2365FFAF}.Debug|Any CPU.Build.0 = Debug|Any CPU
		{BE9F7DD3-AA55-44D4-92CA-149F2365FFAF}.Release|Any CPU.ActiveCfg = Release|Any CPU
		{BE9F7DD3-AA55-44D4-92CA-149F2365FFAF}.Release|Any CPU.Build.0 = Release|Any CPU
		{3E04E7D7-B9DB-40A5-8946-63C9409A7D38}.Debug|Any CPU.ActiveCfg = Debug|Any CPU
		{3E04E7D7-B9DB-40A5-8946-63C9409A7D38}.Debug|Any CPU.Build.0 = Debug|Any CPU
		{3E04E7D7-B9DB-40A5-8946-63C9409A7D38}.Release|Any CPU.ActiveCfg = Release|Any CPU
		{3E04E7D7-B9DB-40A5-8946-63C9409A7D38}.Release|Any CPU.Build.0 = Release|Any CPU
		{8D8B3E2D-342B-4159-A673-668B5A341140}.Debug|Any CPU.ActiveCfg = Debug|Any CPU
		{8D8B3E2D-342B-4159-A673-668B5A341140}.Debug|Any CPU.Build.0 = Debug|Any CPU
		{8D8B3E2D-342B-4159-A673-668B5A341140}.Release|Any CPU.ActiveCfg = Release|Any CPU
		{8D8B3E2D-342B-4159-A673-668B5A341140}.Release|Any CPU.Build.0 = Release|Any CPU
		{3F8A64FE-6EFF-4568-898C-13A55CE347FF}.Debug|Any CPU.ActiveCfg = Debug|Any CPU
		{3F8A64FE-6EFF-4568-898C-13A55CE347FF}.Debug|Any CPU.Build.0 = Debug|Any CPU
		{3F8A64FE-6EFF-4568-898C-13A55CE347FF}.Release|Any CPU.ActiveCfg = Release|Any CPU
		{3F8A64FE-6EFF-4568-898C-13A55CE347FF}.Release|Any CPU.Build.0 = Release|Any CPU
		{CDBBBB0E-F09F-430B-8844-D16418151213}.Debug|Any CPU.ActiveCfg = Debug|Any CPU
		{CDBBBB0E-F09F-430B-8844-D16418151213}.Debug|Any CPU.Build.0 = Debug|Any CPU
		{CDBBBB0E-F09F-430B-8844-D16418151213}.Release|Any CPU.ActiveCfg = Release|Any CPU
		{CDBBBB0E-F09F-430B-8844-D16418151213}.Release|Any CPU.Build.0 = Release|Any CPU
		{6608C29E-07F2-4A41-88DE-FEA384B8A16F}.Debug|Any CPU.ActiveCfg = Debug|Any CPU
		{6608C29E-07F2-4A41-88DE-FEA384B8A16F}.Debug|Any CPU.Build.0 = Debug|Any CPU
		{6608C29E-07F2-4A41-88DE-FEA384B8A16F}.Release|Any CPU.ActiveCfg = Release|Any CPU
		{6608C29E-07F2-4A41-88DE-FEA384B8A16F}.Release|Any CPU.Build.0 = Release|Any CPU
		{C6166F53-AF6F-40DC-867A-2D1764D313B7}.Debug|Any CPU.ActiveCfg = Debug|Any CPU
		{C6166F53-AF6F-40DC-867A-2D1764D313B7}.Debug|Any CPU.Build.0 = Debug|Any CPU
		{C6166F53-AF6F-40DC-867A-2D1764D313B7}.Release|Any CPU.ActiveCfg = Release|Any CPU
		{C6166F53-AF6F-40DC-867A-2D1764D313B7}.Release|Any CPU.Build.0 = Release|Any CPU
		{CCCF8F4D-44B0-493C-BA9B-0A60ED42DF21}.Debug|Any CPU.ActiveCfg = Debug|Any CPU
		{CCCF8F4D-44B0-493C-BA9B-0A60ED42DF21}.Debug|Any CPU.Build.0 = Debug|Any CPU
		{CCCF8F4D-44B0-493C-BA9B-0A60ED42DF21}.Release|Any CPU.ActiveCfg = Release|Any CPU
		{CCCF8F4D-44B0-493C-BA9B-0A60ED42DF21}.Release|Any CPU.Build.0 = Release|Any CPU
		{A2912748-32B4-42A7-A1D0-CECB5E464833}.Debug|Any CPU.ActiveCfg = Debug|Any CPU
		{A2912748-32B4-42A7-A1D0-CECB5E464833}.Debug|Any CPU.Build.0 = Debug|Any CPU
		{A2912748-32B4-42A7-A1D0-CECB5E464833}.Release|Any CPU.ActiveCfg = Release|Any CPU
		{A2912748-32B4-42A7-A1D0-CECB5E464833}.Release|Any CPU.Build.0 = Release|Any CPU
		{7A6BA539-3365-48C4-8524-3195D21436ED}.Debug|Any CPU.ActiveCfg = Debug|Any CPU
		{7A6BA539-3365-48C4-8524-3195D21436ED}.Debug|Any CPU.Build.0 = Debug|Any CPU
		{7A6BA539-3365-48C4-8524-3195D21436ED}.Release|Any CPU.ActiveCfg = Release|Any CPU
		{7A6BA539-3365-48C4-8524-3195D21436ED}.Release|Any CPU.Build.0 = Release|Any CPU
		{BBB77375-351B-47A9-8857-AC4302DDDA94}.Debug|Any CPU.ActiveCfg = Debug|Any CPU
		{BBB77375-351B-47A9-8857-AC4302DDDA94}.Debug|Any CPU.Build.0 = Debug|Any CPU
		{BBB77375-351B-47A9-8857-AC4302DDDA94}.Release|Any CPU.ActiveCfg = Release|Any CPU
		{BBB77375-351B-47A9-8857-AC4302DDDA94}.Release|Any CPU.Build.0 = Release|Any CPU
		{C7AF1390-EC45-47B9-B84D-3F95FF70D70C}.Debug|Any CPU.ActiveCfg = Debug|Any CPU
		{C7AF1390-EC45-47B9-B84D-3F95FF70D70C}.Debug|Any CPU.Build.0 = Debug|Any CPU
		{C7AF1390-EC45-47B9-B84D-3F95FF70D70C}.Release|Any CPU.ActiveCfg = Release|Any CPU
		{C7AF1390-EC45-47B9-B84D-3F95FF70D70C}.Release|Any CPU.Build.0 = Release|Any CPU
		{D5FE0A91-C9D3-4725-AC0E-E05414092DBD}.Debug|Any CPU.ActiveCfg = Debug|Any CPU
		{D5FE0A91-C9D3-4725-AC0E-E05414092DBD}.Debug|Any CPU.Build.0 = Debug|Any CPU
		{D5FE0A91-C9D3-4725-AC0E-E05414092DBD}.Release|Any CPU.ActiveCfg = Release|Any CPU
		{D5FE0A91-C9D3-4725-AC0E-E05414092DBD}.Release|Any CPU.Build.0 = Release|Any CPU
		{1F859A70-DB85-4FFE-A45E-5CEC8E9F3208}.Debug|Any CPU.ActiveCfg = Debug|Any CPU
		{1F859A70-DB85-4FFE-A45E-5CEC8E9F3208}.Debug|Any CPU.Build.0 = Debug|Any CPU
		{1F859A70-DB85-4FFE-A45E-5CEC8E9F3208}.Release|Any CPU.ActiveCfg = Release|Any CPU
		{1F859A70-DB85-4FFE-A45E-5CEC8E9F3208}.Release|Any CPU.Build.0 = Release|Any CPU
		{98E64225-1B4C-4465-BAC6-1F92C8EB3BE0}.Debug|Any CPU.ActiveCfg = Debug|Any CPU
		{98E64225-1B4C-4465-BAC6-1F92C8EB3BE0}.Debug|Any CPU.Build.0 = Debug|Any CPU
		{98E64225-1B4C-4465-BAC6-1F92C8EB3BE0}.Release|Any CPU.ActiveCfg = Release|Any CPU
		{98E64225-1B4C-4465-BAC6-1F92C8EB3BE0}.Release|Any CPU.Build.0 = Release|Any CPU
		{09E623BB-5A84-440F-879E-8F5EE0BD265A}.Debug|Any CPU.ActiveCfg = Debug|Any CPU
		{09E623BB-5A84-440F-879E-8F5EE0BD265A}.Debug|Any CPU.Build.0 = Debug|Any CPU
		{09E623BB-5A84-440F-879E-8F5EE0BD265A}.Release|Any CPU.ActiveCfg = Release|Any CPU
		{09E623BB-5A84-440F-879E-8F5EE0BD265A}.Release|Any CPU.Build.0 = Release|Any CPU
	EndGlobalSection
	GlobalSection(SolutionProperties) = preSolution
		HideSolutionNode = FALSE
	EndGlobalSection
	GlobalSection(NestedProjects) = preSolution
		{BBB77375-351B-47A9-8857-AC4302DDDA94} = {E580E9EE-8F11-4EC6-992A-9867D0F8372B}
		{C7AF1390-EC45-47B9-B84D-3F95FF70D70C} = {E580E9EE-8F11-4EC6-992A-9867D0F8372B}
		{D5FE0A91-C9D3-4725-AC0E-E05414092DBD} = {E580E9EE-8F11-4EC6-992A-9867D0F8372B}
	EndGlobalSection
	GlobalSection(ExtensibilityGlobals) = postSolution
		SolutionGuid = {01683D1C-4350-44B1-B7EF-0E9C742FCB3D}
	EndGlobalSection
EndGlobal
